
Microsoft Visual Studio Solution File, Format Version 12.00
# Visual Studio Version 16
VisualStudioVersion = 16.0.31624.102
MinimumVisualStudioVersion = 10.0.40219.1
Project("{FAE04EC0-301F-11D3-BF4B-00C04F79EFBC}") = "DentalCareBackend", "DentalCareBackend\DentalCareBackend.csproj", "{2E68DBCD-30B1-41C2-BFCF-A62D2BFDA8F0}"
EndProject
Project("{FAE04EC0-301F-11D3-BF4B-00C04F79EFBC}") = "DentalCareFrontend", "DentalCareFrontend\DentalCareFrontend.csproj", "{459F24B7-DFD2-4464-B416-CB14A8CE8A4E}"
EndProject
Global
	GlobalSection(SolutionConfigurationPlatforms) = preSolution
		Debug|Any CPU = Debug|Any CPU
		Release|Any CPU = Release|Any CPU
	EndGlobalSection
	GlobalSection(ProjectConfigurationPlatforms) = postSolution
		{2E68DBCD-30B1-41C2-BFCF-A62D2BFDA8F0}.Debug|Any CPU.ActiveCfg = Debug|Any CPU
		{2E68DBCD-30B1-41C2-BFCF-A62D2BFDA8F0}.Debug|Any CPU.Build.0 = Debug|Any CPU
		{2E68DBCD-30B1-41C2-BFCF-A62D2BFDA8F0}.Release|Any CPU.ActiveCfg = Release|Any CPU
		{2E68DBCD-30B1-41C2-BFCF-A62D2BFDA8F0}.Release|Any CPU.Build.0 = Release|Any CPU
		{459F24B7-DFD2-4464-B416-CB14A8CE8A4E}.Debug|Any CPU.ActiveCfg = Debug|Any CPU
		{459F24B7-DFD2-4464-B416-CB14A8CE8A4E}.Debug|Any CPU.Build.0 = Debug|Any CPU
		{459F24B7-DFD2-4464-B416-CB14A8CE8A4E}.Release|Any CPU.ActiveCfg = Release|Any CPU
		{459F24B7-DFD2-4464-B416-CB14A8CE8A4E}.Release|Any CPU.Build.0 = Release|Any CPU
	EndGlobalSection
	GlobalSection(SolutionProperties) = preSolution
		HideSolutionNode = FALSE
	EndGlobalSection
	GlobalSection(ExtensibilityGlobals) = postSolution
		SolutionGuid = {706B97DC-BE88-49E4-8549-033B225703E6}
	EndGlobalSection
EndGlobal
